// !$*UTF8*$!
{
	archiveVersion = 1;
	classes = {
	};
	objectVersion = 50;
	objects = {

/* Begin PBXBuildFile section */
		CF0D3EC925AFA3920089949D /* AppDelegate.swift in Sources */ = {isa = PBXBuildFile; fileRef = CF0D3EC825AFA3920089949D /* AppDelegate.swift */; };
		CF0D3ECB25AFA3920089949D /* SceneDelegate.swift in Sources */ = {isa = PBXBuildFile; fileRef = CF0D3ECA25AFA3920089949D /* SceneDelegate.swift */; };
		CF0D3ECD25AFA3920089949D /* ViewController.swift in Sources */ = {isa = PBXBuildFile; fileRef = CF0D3ECC25AFA3920089949D /* ViewController.swift */; };
		CF0D3ED025AFA3920089949D /* Main.storyboard in Resources */ = {isa = PBXBuildFile; fileRef = CF0D3ECE25AFA3920089949D /* Main.storyboard */; };
		CF0D3ED225AFA3960089949D /* Assets.xcassets in Resources */ = {isa = PBXBuildFile; fileRef = CF0D3ED125AFA3960089949D /* Assets.xcassets */; };
		CF0D3ED525AFA3960089949D /* LaunchScreen.storyboard in Resources */ = {isa = PBXBuildFile; fileRef = CF0D3ED325AFA3960089949D /* LaunchScreen.storyboard */; };
		CF0D3EE025AFA3960089949D /* promobitTestTests.swift in Sources */ = {isa = PBXBuildFile; fileRef = CF0D3EDF25AFA3960089949D /* promobitTestTests.swift */; };
		CF0D3EEB25AFA3960089949D /* promobitTestUITests.swift in Sources */ = {isa = PBXBuildFile; fileRef = CF0D3EEA25AFA3960089949D /* promobitTestUITests.swift */; };
		CF0D3F0625AFDA580089949D /* UIColorExtension.swift in Sources */ = {isa = PBXBuildFile; fileRef = CF0D3F0525AFDA580089949D /* UIColorExtension.swift */; };
		CF0D3F1A25AFE0230089949D /* RoundButton.swift in Sources */ = {isa = PBXBuildFile; fileRef = CF0D3F1925AFE0230089949D /* RoundButton.swift */; };
/* End PBXBuildFile section */

/* Begin PBXContainerItemProxy section */
		CF0D3EDC25AFA3960089949D /* PBXContainerItemProxy */ = {
			isa = PBXContainerItemProxy;
			containerPortal = CF0D3EBD25AFA3920089949D /* Project object */;
			proxyType = 1;
			remoteGlobalIDString = CF0D3EC425AFA3920089949D;
			remoteInfo = promobitTest;
		};
		CF0D3EE725AFA3960089949D /* PBXContainerItemProxy */ = {
			isa = PBXContainerItemProxy;
			containerPortal = CF0D3EBD25AFA3920089949D /* Project object */;
			proxyType = 1;
			remoteGlobalIDString = CF0D3EC425AFA3920089949D;
			remoteInfo = promobitTest;
		};
/* End PBXContainerItemProxy section */

/* Begin PBXFileReference section */
		CF0D3EC525AFA3920089949D /* promobitTest.app */ = {isa = PBXFileReference; explicitFileType = wrapper.application; includeInIndex = 0; path = promobitTest.app; sourceTree = BUILT_PRODUCTS_DIR; };
		CF0D3EC825AFA3920089949D /* AppDelegate.swift */ = {isa = PBXFileReference; lastKnownFileType = sourcecode.swift; path = AppDelegate.swift; sourceTree = "<group>"; };
		CF0D3ECA25AFA3920089949D /* SceneDelegate.swift */ = {isa = PBXFileReference; lastKnownFileType = sourcecode.swift; path = SceneDelegate.swift; sourceTree = "<group>"; };
		CF0D3ECC25AFA3920089949D /* ViewController.swift */ = {isa = PBXFileReference; lastKnownFileType = sourcecode.swift; path = ViewController.swift; sourceTree = "<group>"; };
		CF0D3ECF25AFA3920089949D /* Base */ = {isa = PBXFileReference; lastKnownFileType = file.storyboard; name = Base; path = Base.lproj/Main.storyboard; sourceTree = "<group>"; };
		CF0D3ED125AFA3960089949D /* Assets.xcassets */ = {isa = PBXFileReference; lastKnownFileType = folder.assetcatalog; path = Assets.xcassets; sourceTree = "<group>"; };
		CF0D3ED425AFA3960089949D /* Base */ = {isa = PBXFileReference; lastKnownFileType = file.storyboard; name = Base; path = Base.lproj/LaunchScreen.storyboard; sourceTree = "<group>"; };
		CF0D3ED625AFA3960089949D /* Info.plist */ = {isa = PBXFileReference; lastKnownFileType = text.plist.xml; path = Info.plist; sourceTree = "<group>"; };
		CF0D3EDB25AFA3960089949D /* promobitTestTests.xctest */ = {isa = PBXFileReference; explicitFileType = wrapper.cfbundle; includeInIndex = 0; path = promobitTestTests.xctest; sourceTree = BUILT_PRODUCTS_DIR; };
		CF0D3EDF25AFA3960089949D /* promobitTestTests.swift */ = {isa = PBXFileReference; lastKnownFileType = sourcecode.swift; path = promobitTestTests.swift; sourceTree = "<group>"; };
		CF0D3EE125AFA3960089949D /* Info.plist */ = {isa = PBXFileReference; lastKnownFileType = text.plist.xml; path = Info.plist; sourceTree = "<group>"; };
		CF0D3EE625AFA3960089949D /* promobitTestUITests.xctest */ = {isa = PBXFileReference; explicitFileType = wrapper.cfbundle; includeInIndex = 0; path = promobitTestUITests.xctest; sourceTree = BUILT_PRODUCTS_DIR; };
		CF0D3EEA25AFA3960089949D /* promobitTestUITests.swift */ = {isa = PBXFileReference; lastKnownFileType = sourcecode.swift; path = promobitTestUITests.swift; sourceTree = "<group>"; };
		CF0D3EEC25AFA3960089949D /* Info.plist */ = {isa = PBXFileReference; lastKnownFileType = text.plist.xml; path = Info.plist; sourceTree = "<group>"; };
		CF0D3F0525AFDA580089949D /* UIColorExtension.swift */ = {isa = PBXFileReference; lastKnownFileType = sourcecode.swift; path = UIColorExtension.swift; sourceTree = "<group>"; };
		CF0D3F1925AFE0230089949D /* RoundButton.swift */ = {isa = PBXFileReference; lastKnownFileType = sourcecode.swift; path = RoundButton.swift; sourceTree = "<group>"; };
/* End PBXFileReference section */

/* Begin PBXFrameworksBuildPhase section */
		CF0D3EC225AFA3920089949D /* Frameworks */ = {
			isa = PBXFrameworksBuildPhase;
			buildActionMask = 2147483647;
			files = (
			);
			runOnlyForDeploymentPostprocessing = 0;
		};
		CF0D3ED825AFA3960089949D /* Frameworks */ = {
			isa = PBXFrameworksBuildPhase;
			buildActionMask = 2147483647;
			files = (
			);
			runOnlyForDeploymentPostprocessing = 0;
		};
		CF0D3EE325AFA3960089949D /* Frameworks */ = {
			isa = PBXFrameworksBuildPhase;
			buildActionMask = 2147483647;
			files = (
			);
			runOnlyForDeploymentPostprocessing = 0;
		};
/* End PBXFrameworksBuildPhase section */

/* Begin PBXGroup section */
		CF0D3EBC25AFA3920089949D = {
			isa = PBXGroup;
			children = (
				CF0D3EC725AFA3920089949D /* promobitTest */,
				CF0D3EDE25AFA3960089949D /* promobitTestTests */,
				CF0D3EE925AFA3960089949D /* promobitTestUITests */,
				CF0D3EC625AFA3920089949D /* Products */,
			);
			sourceTree = "<group>";
		};
		CF0D3EC625AFA3920089949D /* Products */ = {
			isa = PBXGroup;
			children = (
				CF0D3EC525AFA3920089949D /* promobitTest.app */,
				CF0D3EDB25AFA3960089949D /* promobitTestTests.xctest */,
				CF0D3EE625AFA3960089949D /* promobitTestUITests.xctest */,
			);
			name = Products;
			sourceTree = "<group>";
		};
		CF0D3EC725AFA3920089949D /* promobitTest */ = {
			isa = PBXGroup;
			children = (
				CF0D3F1825AFDFF60089949D /* customComponents */,
				CF0D3F0425AFDA3E0089949D /* extensions */,
				CF0D3EC825AFA3920089949D /* AppDelegate.swift */,
				CF0D3ECA25AFA3920089949D /* SceneDelegate.swift */,
				CF0D3ECC25AFA3920089949D /* ViewController.swift */,
				CF0D3ECE25AFA3920089949D /* Main.storyboard */,
				CF0D3ED125AFA3960089949D /* Assets.xcassets */,
				CF0D3ED325AFA3960089949D /* LaunchScreen.storyboard */,
				CF0D3ED625AFA3960089949D /* Info.plist */,
			);
			path = promobitTest;
			sourceTree = "<group>";
		};
		CF0D3EDE25AFA3960089949D /* promobitTestTests */ = {
			isa = PBXGroup;
			children = (
				CF0D3EDF25AFA3960089949D /* promobitTestTests.swift */,
				CF0D3EE125AFA3960089949D /* Info.plist */,
			);
			path = promobitTestTests;
			sourceTree = "<group>";
		};
		CF0D3EE925AFA3960089949D /* promobitTestUITests */ = {
			isa = PBXGroup;
			children = (
				CF0D3EEA25AFA3960089949D /* promobitTestUITests.swift */,
				CF0D3EEC25AFA3960089949D /* Info.plist */,
			);
			path = promobitTestUITests;
			sourceTree = "<group>";
		};
		CF0D3F0425AFDA3E0089949D /* extensions */ = {
			isa = PBXGroup;
			children = (
				CF0D3F0525AFDA580089949D /* UIColorExtension.swift */,
			);
			path = extensions;
			sourceTree = "<group>";
		};
		CF0D3F1825AFDFF60089949D /* customComponents */ = {
			isa = PBXGroup;
			children = (
				CF0D3F1925AFE0230089949D /* RoundButton.swift */,
			);
			path = customComponents;
			sourceTree = "<group>";
		};
/* End PBXGroup section */

/* Begin PBXNativeTarget section */
		CF0D3EC425AFA3920089949D /* promobitTest */ = {
			isa = PBXNativeTarget;
			buildConfigurationList = CF0D3EEF25AFA3960089949D /* Build configuration list for PBXNativeTarget "promobitTest" */;
			buildPhases = (
				CF0D3EC125AFA3920089949D /* Sources */,
				CF0D3EC225AFA3920089949D /* Frameworks */,
				CF0D3EC325AFA3920089949D /* Resources */,
			);
			buildRules = (
			);
			dependencies = (
			);
			name = promobitTest;
			productName = promobitTest;
			productReference = CF0D3EC525AFA3920089949D /* promobitTest.app */;
			productType = "com.apple.product-type.application";
		};
		CF0D3EDA25AFA3960089949D /* promobitTestTests */ = {
			isa = PBXNativeTarget;
			buildConfigurationList = CF0D3EF225AFA3960089949D /* Build configuration list for PBXNativeTarget "promobitTestTests" */;
			buildPhases = (
				CF0D3ED725AFA3960089949D /* Sources */,
				CF0D3ED825AFA3960089949D /* Frameworks */,
				CF0D3ED925AFA3960089949D /* Resources */,
			);
			buildRules = (
			);
			dependencies = (
				CF0D3EDD25AFA3960089949D /* PBXTargetDependency */,
			);
			name = promobitTestTests;
			productName = promobitTestTests;
			productReference = CF0D3EDB25AFA3960089949D /* promobitTestTests.xctest */;
			productType = "com.apple.product-type.bundle.unit-test";
		};
		CF0D3EE525AFA3960089949D /* promobitTestUITests */ = {
			isa = PBXNativeTarget;
			buildConfigurationList = CF0D3EF525AFA3960089949D /* Build configuration list for PBXNativeTarget "promobitTestUITests" */;
			buildPhases = (
				CF0D3EE225AFA3960089949D /* Sources */,
				CF0D3EE325AFA3960089949D /* Frameworks */,
				CF0D3EE425AFA3960089949D /* Resources */,
			);
			buildRules = (
			);
			dependencies = (
				CF0D3EE825AFA3960089949D /* PBXTargetDependency */,
			);
			name = promobitTestUITests;
			productName = promobitTestUITests;
			productReference = CF0D3EE625AFA3960089949D /* promobitTestUITests.xctest */;
			productType = "com.apple.product-type.bundle.ui-testing";
		};
/* End PBXNativeTarget section */

/* Begin PBXProject section */
		CF0D3EBD25AFA3920089949D /* Project object */ = {
			isa = PBXProject;
			attributes = {
				LastSwiftUpdateCheck = 1230;
				LastUpgradeCheck = 1230;
				TargetAttributes = {
					CF0D3EC425AFA3920089949D = {
						CreatedOnToolsVersion = 12.3;
					};
					CF0D3EDA25AFA3960089949D = {
						CreatedOnToolsVersion = 12.3;
						TestTargetID = CF0D3EC425AFA3920089949D;
					};
					CF0D3EE525AFA3960089949D = {
						CreatedOnToolsVersion = 12.3;
						TestTargetID = CF0D3EC425AFA3920089949D;
					};
				};
			};
			buildConfigurationList = CF0D3EC025AFA3920089949D /* Build configuration list for PBXProject "promobitTest" */;
			compatibilityVersion = "Xcode 9.3";
			developmentRegion = en;
			hasScannedForEncodings = 0;
			knownRegions = (
				en,
				Base,
			);
			mainGroup = CF0D3EBC25AFA3920089949D;
			productRefGroup = CF0D3EC625AFA3920089949D /* Products */;
			projectDirPath = "";
			projectRoot = "";
			targets = (
				CF0D3EC425AFA3920089949D /* promobitTest */,
				CF0D3EDA25AFA3960089949D /* promobitTestTests */,
				CF0D3EE525AFA3960089949D /* promobitTestUITests */,
			);
		};
/* End PBXProject section */

/* Begin PBXResourcesBuildPhase section */
		CF0D3EC325AFA3920089949D /* Resources */ = {
			isa = PBXResourcesBuildPhase;
			buildActionMask = 2147483647;
			files = (
				CF0D3ED525AFA3960089949D /* LaunchScreen.storyboard in Resources */,
				CF0D3ED225AFA3960089949D /* Assets.xcassets in Resources */,
				CF0D3ED025AFA3920089949D /* Main.storyboard in Resources */,
			);
			runOnlyForDeploymentPostprocessing = 0;
		};
		CF0D3ED925AFA3960089949D /* Resources */ = {
			isa = PBXResourcesBuildPhase;
			buildActionMask = 2147483647;
			files = (
			);
			runOnlyForDeploymentPostprocessing = 0;
		};
		CF0D3EE425AFA3960089949D /* Resources */ = {
			isa = PBXResourcesBuildPhase;
			buildActionMask = 2147483647;
			files = (
			);
			runOnlyForDeploymentPostprocessing = 0;
		};
/* End PBXResourcesBuildPhase section */

/* Begin PBXSourcesBuildPhase section */
		CF0D3EC125AFA3920089949D /* Sources */ = {
			isa = PBXSourcesBuildPhase;
			buildActionMask = 2147483647;
			files = (
				CF0D3ECD25AFA3920089949D /* ViewController.swift in Sources */,
				CF0D3EC925AFA3920089949D /* AppDelegate.swift in Sources */,
				CF0D3ECB25AFA3920089949D /* SceneDelegate.swift in Sources */,
				CF0D3F0625AFDA580089949D /* UIColorExtension.swift in Sources */,
				CF0D3F1A25AFE0230089949D /* RoundButton.swift in Sources */,
			);
			runOnlyForDeploymentPostprocessing = 0;
		};
		CF0D3ED725AFA3960089949D /* Sources */ = {
			isa = PBXSourcesBuildPhase;
			buildActionMask = 2147483647;
			files = (
				CF0D3EE025AFA3960089949D /* promobitTestTests.swift in Sources */,
			);
			runOnlyForDeploymentPostprocessing = 0;
		};
		CF0D3EE225AFA3960089949D /* Sources */ = {
			isa = PBXSourcesBuildPhase;
			buildActionMask = 2147483647;
			files = (
				CF0D3EEB25AFA3960089949D /* promobitTestUITests.swift in Sources */,
			);
			runOnlyForDeploymentPostprocessing = 0;
		};
/* End PBXSourcesBuildPhase section */

/* Begin PBXTargetDependency section */
		CF0D3EDD25AFA3960089949D /* PBXTargetDependency */ = {
			isa = PBXTargetDependency;
			target = CF0D3EC425AFA3920089949D /* promobitTest */;
			targetProxy = CF0D3EDC25AFA3960089949D /* PBXContainerItemProxy */;
		};
		CF0D3EE825AFA3960089949D /* PBXTargetDependency */ = {
			isa = PBXTargetDependency;
			target = CF0D3EC425AFA3920089949D /* promobitTest */;
			targetProxy = CF0D3EE725AFA3960089949D /* PBXContainerItemProxy */;
		};
/* End PBXTargetDependency section */

/* Begin PBXVariantGroup section */
		CF0D3ECE25AFA3920089949D /* Main.storyboard */ = {
			isa = PBXVariantGroup;
			children = (
				CF0D3ECF25AFA3920089949D /* Base */,
			);
			name = Main.storyboard;
			sourceTree = "<group>";
		};
		CF0D3ED325AFA3960089949D /* LaunchScreen.storyboard */ = {
			isa = PBXVariantGroup;
			children = (
				CF0D3ED425AFA3960089949D /* Base */,
			);
			name = LaunchScreen.storyboard;
			sourceTree = "<group>";
		};
/* End PBXVariantGroup section */

/* Begin XCBuildConfiguration section */
		CF0D3EED25AFA3960089949D /* Debug */ = {
			isa = XCBuildConfiguration;
			buildSettings = {
				ALWAYS_SEARCH_USER_PATHS = NO;
				CLANG_ANALYZER_NONNULL = YES;
				CLANG_ANALYZER_NUMBER_OBJECT_CONVERSION = YES_AGGRESSIVE;
				CLANG_CXX_LANGUAGE_STANDARD = "gnu++14";
				CLANG_CXX_LIBRARY = "libc++";
				CLANG_ENABLE_MODULES = YES;
				CLANG_ENABLE_OBJC_ARC = YES;
				CLANG_ENABLE_OBJC_WEAK = YES;
				CLANG_WARN_BLOCK_CAPTURE_AUTORELEASING = YES;
				CLANG_WARN_BOOL_CONVERSION = YES;
				CLANG_WARN_COMMA = YES;
				CLANG_WARN_CONSTANT_CONVERSION = YES;
				CLANG_WARN_DEPRECATED_OBJC_IMPLEMENTATIONS = YES;
				CLANG_WARN_DIRECT_OBJC_ISA_USAGE = YES_ERROR;
				CLANG_WARN_DOCUMENTATION_COMMENTS = YES;
				CLANG_WARN_EMPTY_BODY = YES;
				CLANG_WARN_ENUM_CONVERSION = YES;
				CLANG_WARN_INFINITE_RECURSION = YES;
				CLANG_WARN_INT_CONVERSION = YES;
				CLANG_WARN_NON_LITERAL_NULL_CONVERSION = YES;
				CLANG_WARN_OBJC_IMPLICIT_RETAIN_SELF = YES;
				CLANG_WARN_OBJC_LITERAL_CONVERSION = YES;
				CLANG_WARN_OBJC_ROOT_CLASS = YES_ERROR;
				CLANG_WARN_QUOTED_INCLUDE_IN_FRAMEWORK_HEADER = YES;
				CLANG_WARN_RANGE_LOOP_ANALYSIS = YES;
				CLANG_WARN_STRICT_PROTOTYPES = YES;
				CLANG_WARN_SUSPICIOUS_MOVE = YES;
				CLANG_WARN_UNGUARDED_AVAILABILITY = YES_AGGRESSIVE;
				CLANG_WARN_UNREACHABLE_CODE = YES;
				CLANG_WARN__DUPLICATE_METHOD_MATCH = YES;
				COPY_PHASE_STRIP = NO;
				DEBUG_INFORMATION_FORMAT = dwarf;
				ENABLE_STRICT_OBJC_MSGSEND = YES;
				ENABLE_TESTABILITY = YES;
				GCC_C_LANGUAGE_STANDARD = gnu11;
				GCC_DYNAMIC_NO_PIC = NO;
				GCC_NO_COMMON_BLOCKS = YES;
				GCC_OPTIMIZATION_LEVEL = 0;
				GCC_PREPROCESSOR_DEFINITIONS = (
					"DEBUG=1",
					"$(inherited)",
				);
				GCC_WARN_64_TO_32_BIT_CONVERSION = YES;
				GCC_WARN_ABOUT_RETURN_TYPE = YES_ERROR;
				GCC_WARN_UNDECLARED_SELECTOR = YES;
				GCC_WARN_UNINITIALIZED_AUTOS = YES_AGGRESSIVE;
				GCC_WARN_UNUSED_FUNCTION = YES;
				GCC_WARN_UNUSED_VARIABLE = YES;
				IPHONEOS_DEPLOYMENT_TARGET = 14.3;
				MTL_ENABLE_DEBUG_INFO = INCLUDE_SOURCE;
				MTL_FAST_MATH = YES;
				ONLY_ACTIVE_ARCH = YES;
				SDKROOT = iphoneos;
				SWIFT_ACTIVE_COMPILATION_CONDITIONS = DEBUG;
				SWIFT_OPTIMIZATION_LEVEL = "-Onone";
			};
			name = Debug;
		};
		CF0D3EEE25AFA3960089949D /* Release */ = {
			isa = XCBuildConfiguration;
			buildSettings = {
				ALWAYS_SEARCH_USER_PATHS = NO;
				CLANG_ANALYZER_NONNULL = YES;
				CLANG_ANALYZER_NUMBER_OBJECT_CONVERSION = YES_AGGRESSIVE;
				CLANG_CXX_LANGUAGE_STANDARD = "gnu++14";
				CLANG_CXX_LIBRARY = "libc++";
				CLANG_ENABLE_MODULES = YES;
				CLANG_ENABLE_OBJC_ARC = YES;
				CLANG_ENABLE_OBJC_WEAK = YES;
				CLANG_WARN_BLOCK_CAPTURE_AUTORELEASING = YES;
				CLANG_WARN_BOOL_CONVERSION = YES;
				CLANG_WARN_COMMA = YES;
				CLANG_WARN_CONSTANT_CONVERSION = YES;
				CLANG_WARN_DEPRECATED_OBJC_IMPLEMENTATIONS = YES;
				CLANG_WARN_DIRECT_OBJC_ISA_USAGE = YES_ERROR;
				CLANG_WARN_DOCUMENTATION_COMMENTS = YES;
				CLANG_WARN_EMPTY_BODY = YES;
				CLANG_WARN_ENUM_CONVERSION = YES;
				CLANG_WARN_INFINITE_RECURSION = YES;
				CLANG_WARN_INT_CONVERSION = YES;
				CLANG_WARN_NON_LITERAL_NULL_CONVERSION = YES;
				CLANG_WARN_OBJC_IMPLICIT_RETAIN_SELF = YES;
				CLANG_WARN_OBJC_LITERAL_CONVERSION = YES;
				CLANG_WARN_OBJC_ROOT_CLASS = YES_ERROR;
				CLANG_WARN_QUOTED_INCLUDE_IN_FRAMEWORK_HEADER = YES;
				CLANG_WARN_RANGE_LOOP_ANALYSIS = YES;
				CLANG_WARN_STRICT_PROTOTYPES = YES;
				CLANG_WARN_SUSPICIOUS_MOVE = YES;
				CLANG_WARN_UNGUARDED_AVAILABILITY = YES_AGGRESSIVE;
				CLANG_WARN_UNREACHABLE_CODE = YES;
				CLANG_WARN__DUPLICATE_METHOD_MATCH = YES;
				COPY_PHASE_STRIP = NO;
				DEBUG_INFORMATION_FORMAT = "dwarf-with-dsym";
				ENABLE_NS_ASSERTIONS = NO;
				ENABLE_STRICT_OBJC_MSGSEND = YES;
				GCC_C_LANGUAGE_STANDARD = gnu11;
				GCC_NO_COMMON_BLOCKS = YES;
				GCC_WARN_64_TO_32_BIT_CONVERSION = YES;
				GCC_WARN_ABOUT_RETURN_TYPE = YES_ERROR;
				GCC_WARN_UNDECLARED_SELECTOR = YES;
				GCC_WARN_UNINITIALIZED_AUTOS = YES_AGGRESSIVE;
				GCC_WARN_UNUSED_FUNCTION = YES;
				GCC_WARN_UNUSED_VARIABLE = YES;
				IPHONEOS_DEPLOYMENT_TARGET = 14.3;
				MTL_ENABLE_DEBUG_INFO = NO;
				MTL_FAST_MATH = YES;
				SDKROOT = iphoneos;
				SWIFT_COMPILATION_MODE = wholemodule;
				SWIFT_OPTIMIZATION_LEVEL = "-O";
				VALIDATE_PRODUCT = YES;
			};
			name = Release;
		};
		CF0D3EF025AFA3960089949D /* Debug */ = {
			isa = XCBuildConfiguration;
			buildSettings = {
				ASSETCATALOG_COMPILER_APPICON_NAME = AppIcon;
				ASSETCATALOG_COMPILER_GLOBAL_ACCENT_COLOR_NAME = AccentColor;
				CODE_SIGN_STYLE = Automatic;
				DEVELOPMENT_TEAM = BRDS8JTBGH;
				INFOPLIST_FILE = promobitTest/Info.plist;
				IPHONEOS_DEPLOYMENT_TARGET = 13.0;
				LD_RUNPATH_SEARCH_PATHS = (
					"$(inherited)",
					"@executable_path/Frameworks",
				);
				PRODUCT_BUNDLE_IDENTIFIER = br.com.gtechconsulting.promobitTest;
				PRODUCT_NAME = "$(TARGET_NAME)";
				SWIFT_VERSION = 5.0;
				TARGETED_DEVICE_FAMILY = 1;
			};
			name = Debug;
		};
		CF0D3EF125AFA3960089949D /* Release */ = {
			isa = XCBuildConfiguration;
			buildSettings = {
				ASSETCATALOG_COMPILER_APPICON_NAME = AppIcon;
				ASSETCATALOG_COMPILER_GLOBAL_ACCENT_COLOR_NAME = AccentColor;
				CODE_SIGN_STYLE = Automatic;
				DEVELOPMENT_TEAM = BRDS8JTBGH;
				INFOPLIST_FILE = promobitTest/Info.plist;
				IPHONEOS_DEPLOYMENT_TARGET = 13.0;
				LD_RUNPATH_SEARCH_PATHS = (
					"$(inherited)",
					"@executable_path/Frameworks",
				);
				PRODUCT_BUNDLE_IDENTIFIER = br.com.gtechconsulting.promobitTest;
				PRODUCT_NAME = "$(TARGET_NAME)";
				SWIFT_VERSION = 5.0;
				TARGETED_DEVICE_FAMILY = 1;
			};
			name = Release;
		};
		CF0D3EF325AFA3960089949D /* Debug */ = {
			isa = XCBuildConfiguration;
			buildSettings = {
				ALWAYS_EMBED_SWIFT_STANDARD_LIBRARIES = YES;
				BUNDLE_LOADER = "$(TEST_HOST)";
				CODE_SIGN_STYLE = Automatic;
				DEVELOPMENT_TEAM = BRDS8JTBGH;
				INFOPLIST_FILE = promobitTestTests/Info.plist;
				IPHONEOS_DEPLOYMENT_TARGET = 14.3;
				LD_RUNPATH_SEARCH_PATHS = (
					"$(inherited)",
					"@executable_path/Frameworks",
					"@loader_path/Frameworks",
				);
				PRODUCT_BUNDLE_IDENTIFIER = br.com.gtechconsulting.promobitTestTests;
				PRODUCT_NAME = "$(TARGET_NAME)";
				SWIFT_VERSION = 5.0;
				TARGETED_DEVICE_FAMILY = "1,2";
				TEST_HOST = "$(BUILT_PRODUCTS_DIR)/promobitTest.app/promobitTest";
			};
			name = Debug;
		};
		CF0D3EF425AFA3960089949D /* Release */ = {
			isa = XCBuildConfiguration;
			buildSettings = {
				ALWAYS_EMBED_SWIFT_STANDARD_LIBRARIES = YES;
				BUNDLE_LOADER = "$(TEST_HOST)";
				CODE_SIGN_STYLE = Automatic;
				DEVELOPMENT_TEAM = BRDS8JTBGH;
				INFOPLIST_FILE = promobitTestTests/Info.plist;
				IPHONEOS_DEPLOYMENT_TARGET = 14.3;
				LD_RUNPATH_SEARCH_PATHS = (
					"$(inherited)",
					"@executable_path/Frameworks",
					"@loader_path/Frameworks",
				);
				PRODUCT_BUNDLE_IDENTIFIER = br.com.gtechconsulting.promobitTestTests;
				PRODUCT_NAME = "$(TARGET_NAME)";
				SWIFT_VERSION = 5.0;
				TARGETED_DEVICE_FAMILY = "1,2";
				TEST_HOST = "$(BUILT_PRODUCTS_DIR)/promobitTest.app/promobitTest";
			};
			name = Release;
		};
		CF0D3EF625AFA3960089949D /* Debug */ = {
			isa = XCBuildConfiguration;
			buildSettings = {
				ALWAYS_EMBED_SWIFT_STANDARD_LIBRARIES = YES;
				CODE_SIGN_STYLE = Automatic;
				DEVELOPMENT_TEAM = BRDS8JTBGH;
				INFOPLIST_FILE = promobitTestUITests/Info.plist;
				LD_RUNPATH_SEARCH_PATHS = (
					"$(inherited)",
					"@executable_path/Frameworks",
					"@loader_path/Frameworks",
				);
				PRODUCT_BUNDLE_IDENTIFIER = br.com.gtechconsulting.promobitTestUITests;
				PRODUCT_NAME = "$(TARGET_NAME)";
				SWIFT_VERSION = 5.0;
				TARGETED_DEVICE_FAMILY = "1,2";
				TEST_TARGET_NAME = promobitTest;
			};
			name = Debug;
		};
		CF0D3EF725AFA3960089949D /* Release */ = {
			isa = XCBuildConfiguration;
			buildSettings = {
				ALWAYS_EMBED_SWIFT_STANDARD_LIBRARIES = YES;
				CODE_SIGN_STYLE = Automatic;
				DEVELOPMENT_TEAM = BRDS8JTBGH;
				INFOPLIST_FILE = promobitTestUITests/Info.plist;
				LD_RUNPATH_SEARCH_PATHS = (
					"$(inherited)",
					"@executable_path/Frameworks",
					"@loader_path/Frameworks",
				);
				PRODUCT_BUNDLE_IDENTIFIER = br.com.gtechconsulting.promobitTestUITests;
				PRODUCT_NAME = "$(TARGET_NAME)";
				SWIFT_VERSION = 5.0;
				TARGETED_DEVICE_FAMILY = "1,2";
				TEST_TARGET_NAME = promobitTest;
			};
			name = Release;
		};
/* End XCBuildConfiguration section */

/* Begin XCConfigurationList section */
		CF0D3EC025AFA3920089949D /* Build configuration list for PBXProject "promobitTest" */ = {
			isa = XCConfigurationList;
			buildConfigurations = (
				CF0D3EED25AFA3960089949D /* Debug */,
				CF0D3EEE25AFA3960089949D /* Release */,
			);
			defaultConfigurationIsVisible = 0;
			defaultConfigurationName = Release;
		};
		CF0D3EEF25AFA3960089949D /* Build configuration list for PBXNativeTarget "promobitTest" */ = {
			isa = XCConfigurationList;
			buildConfigurations = (
				CF0D3EF025AFA3960089949D /* Debug */,
				CF0D3EF125AFA3960089949D /* Release */,
			);
			defaultConfigurationIsVisible = 0;
			defaultConfigurationName = Release;
		};
		CF0D3EF225AFA3960089949D /* Build configuration list for PBXNativeTarget "promobitTestTests" */ = {
			isa = XCConfigurationList;
			buildConfigurations = (
				CF0D3EF325AFA3960089949D /* Debug */,
				CF0D3EF425AFA3960089949D /* Release */,
			);
			defaultConfigurationIsVisible = 0;
			defaultConfigurationName = Release;
		};
		CF0D3EF525AFA3960089949D /* Build configuration list for PBXNativeTarget "promobitTestUITests" */ = {
			isa = XCConfigurationList;
			buildConfigurations = (
				CF0D3EF625AFA3960089949D /* Debug */,
				CF0D3EF725AFA3960089949D /* Release */,
			);
			defaultConfigurationIsVisible = 0;
			defaultConfigurationName = Release;
		};
/* End XCConfigurationList section */
	};
	rootObject = CF0D3EBD25AFA3920089949D /* Project object */;
}
